// !$*UTF8*$!
{
	archiveVersion = 1;
	classes = {
	};
	objectVersion = 46;
	objects = {

/* Begin PBXBuildFile section */
		A799C470173EDF390096164B /* UIKit.framework in Frameworks */ = {isa = PBXBuildFile; fileRef = A799C46F173EDF390096164B /* UIKit.framework */; };
		A799C472173EDF390096164B /* Foundation.framework in Frameworks */ = {isa = PBXBuildFile; fileRef = A799C471173EDF390096164B /* Foundation.framework */; };
		A799C474173EDF390096164B /* CoreGraphics.framework in Frameworks */ = {isa = PBXBuildFile; fileRef = A799C473173EDF390096164B /* CoreGraphics.framework */; };
		A799C47A173EDF390096164B /* InfoPlist.strings in Resources */ = {isa = PBXBuildFile; fileRef = A799C478173EDF390096164B /* InfoPlist.strings */; };
		A799C47C173EDF390096164B /* main.m in Sources */ = {isa = PBXBuildFile; fileRef = A799C47B173EDF390096164B /* main.m */; };
		A799C480173EDF390096164B /* AppDelegate.m in Sources */ = {isa = PBXBuildFile; fileRef = A799C47F173EDF390096164B /* AppDelegate.m */; };
		A799C482173EDF390096164B /* Default.png in Resources */ = {isa = PBXBuildFile; fileRef = A799C481173EDF390096164B /* Default.png */; };
		A799C484173EDF390096164B /* Default@2x.png in Resources */ = {isa = PBXBuildFile; fileRef = A799C483173EDF390096164B /* Default@2x.png */; };
		A799C486173EDF390096164B /* Default-568h@2x.png in Resources */ = {isa = PBXBuildFile; fileRef = A799C485173EDF390096164B /* Default-568h@2x.png */; };
		A799C48D173EE1F80096164B /* Application.xib in Resources */ = {isa = PBXBuildFile; fileRef = A799C48C173EE1F80096164B /* Application.xib */; };
		A799C498173EE4F50096164B /* InfoViewController.m in Sources */ = {isa = PBXBuildFile; fileRef = A799C496173EE4F50096164B /* InfoViewController.m */; };
		A799C499173EE4F50096164B /* InfoViewController.xib in Resources */ = {isa = PBXBuildFile; fileRef = A799C497173EE4F50096164B /* InfoViewController.xib */; };
		A799C49D173EE5190096164B /* ArtistiViewController.m in Sources */ = {isa = PBXBuildFile; fileRef = A799C49B173EE5190096164B /* ArtistiViewController.m */; };
		A799C49E173EE5190096164B /* ArtistiViewController.xib in Resources */ = {isa = PBXBuildFile; fileRef = A799C49C173EE5190096164B /* ArtistiViewController.xib */; };
		A799C4A1173EE7700096164B /* galleriahome.jpg in Resources */ = {isa = PBXBuildFile; fileRef = A799C4A0173EE7700096164B /* galleriahome.jpg */; };
		A799C4A5173EEF670096164B /* OpereViewController.m in Sources */ = {isa = PBXBuildFile; fileRef = A799C4A3173EEF660096164B /* OpereViewController.m */; };
		A799C4A6173EEF670096164B /* OpereViewController.xib in Resources */ = {isa = PBXBuildFile; fileRef = A799C4A4173EEF670096164B /* OpereViewController.xib */; };
		A799C4A8173EF6560096164B /* MapKit.framework in Frameworks */ = {isa = PBXBuildFile; fileRef = A799C4A7173EF6560096164B /* MapKit.framework */; };
		A799C4AA173EF6680096164B /* CoreLocation.framework in Frameworks */ = {isa = PBXBuildFile; fileRef = A799C4A9173EF6680096164B /* CoreLocation.framework */; };
		A799C4AE173EFA620096164B /* DettaglioArtistaViewController.m in Sources */ = {isa = PBXBuildFile; fileRef = A799C4AC173EFA620096164B /* DettaglioArtistaViewController.m */; };
		A799C4AF173EFA620096164B /* DettaglioArtistaViewController.xib in Resources */ = {isa = PBXBuildFile; fileRef = A799C4AD173EFA620096164B /* DettaglioArtistaViewController.xib */; };
		A799C4B3173F01530096164B /* DettaglioOperaViewController.m in Sources */ = {isa = PBXBuildFile; fileRef = A799C4B1173F01520096164B /* DettaglioOperaViewController.m */; };
		A799C4B4173F01530096164B /* DettaglioOperaViewController.xib in Resources */ = {isa = PBXBuildFile; fileRef = A799C4B2173F01520096164B /* DettaglioOperaViewController.xib */; };
		A799C4B6173F03B50096164B /* download.jpeg in Resources */ = {isa = PBXBuildFile; fileRef = A799C4B5173F03B40096164B /* download.jpeg */; };
		A7A5208917481B4D007A4015 /* HomeViewController.m in Sources */ = {isa = PBXBuildFile; fileRef = A7A5208817481B4D007A4015 /* HomeViewController.m */; };
		A7A5208B17481C6B007A4015 /* HomeViewController.xib in Resources */ = {isa = PBXBuildFile; fileRef = A7A5208A17481C6B007A4015 /* HomeViewController.xib */; };
		A7A5208D17481E37007A4015 /* album30seconds.jpg in Resources */ = {isa = PBXBuildFile; fileRef = A7A5208C17481E37007A4015 /* album30seconds.jpg */; };
/* End PBXBuildFile section */

/* Begin PBXFileReference section */
		A799C46C173EDF390096164B /* PrototipoClassico.app */ = {isa = PBXFileReference; explicitFileType = wrapper.application; includeInIndex = 0; path = PrototipoClassico.app; sourceTree = BUILT_PRODUCTS_DIR; };
		A799C46F173EDF390096164B /* UIKit.framework */ = {isa = PBXFileReference; lastKnownFileType = wrapper.framework; name = UIKit.framework; path = System/Library/Frameworks/UIKit.framework; sourceTree = SDKROOT; };
		A799C471173EDF390096164B /* Foundation.framework */ = {isa = PBXFileReference; lastKnownFileType = wrapper.framework; name = Foundation.framework; path = System/Library/Frameworks/Foundation.framework; sourceTree = SDKROOT; };
		A799C473173EDF390096164B /* CoreGraphics.framework */ = {isa = PBXFileReference; lastKnownFileType = wrapper.framework; name = CoreGraphics.framework; path = System/Library/Frameworks/CoreGraphics.framework; sourceTree = SDKROOT; };
		A799C477173EDF390096164B /* PrototipoClassico-Info.plist */ = {isa = PBXFileReference; lastKnownFileType = text.plist.xml; path = "PrototipoClassico-Info.plist"; sourceTree = "<group>"; };
		A799C479173EDF390096164B /* en */ = {isa = PBXFileReference; lastKnownFileType = text.plist.strings; name = en; path = en.lproj/InfoPlist.strings; sourceTree = "<group>"; };
		A799C47B173EDF390096164B /* main.m */ = {isa = PBXFileReference; lastKnownFileType = sourcecode.c.objc; path = main.m; sourceTree = "<group>"; };
		A799C47D173EDF390096164B /* PrototipoClassico-Prefix.pch */ = {isa = PBXFileReference; lastKnownFileType = sourcecode.c.h; path = "PrototipoClassico-Prefix.pch"; sourceTree = "<group>"; };
		A799C47E173EDF390096164B /* AppDelegate.h */ = {isa = PBXFileReference; lastKnownFileType = sourcecode.c.h; path = AppDelegate.h; sourceTree = "<group>"; };
		A799C47F173EDF390096164B /* AppDelegate.m */ = {isa = PBXFileReference; lastKnownFileType = sourcecode.c.objc; path = AppDelegate.m; sourceTree = "<group>"; };
		A799C481173EDF390096164B /* Default.png */ = {isa = PBXFileReference; lastKnownFileType = image.png; path = Default.png; sourceTree = "<group>"; };
		A799C483173EDF390096164B /* Default@2x.png */ = {isa = PBXFileReference; lastKnownFileType = image.png; path = "Default@2x.png"; sourceTree = "<group>"; };
		A799C485173EDF390096164B /* Default-568h@2x.png */ = {isa = PBXFileReference; lastKnownFileType = image.png; path = "Default-568h@2x.png"; sourceTree = "<group>"; };
		A799C48C173EE1F80096164B /* Application.xib */ = {isa = PBXFileReference; fileEncoding = 4; lastKnownFileType = file.xib; path = Application.xib; sourceTree = "<group>"; };
		A799C495173EE4F50096164B /* InfoViewController.h */ = {isa = PBXFileReference; fileEncoding = 4; lastKnownFileType = sourcecode.c.h; path = InfoViewController.h; sourceTree = "<group>"; };
		A799C496173EE4F50096164B /* InfoViewController.m */ = {isa = PBXFileReference; fileEncoding = 4; lastKnownFileType = sourcecode.c.objc; path = InfoViewController.m; sourceTree = "<group>"; };
		A799C497173EE4F50096164B /* InfoViewController.xib */ = {isa = PBXFileReference; fileEncoding = 4; lastKnownFileType = file.xib; path = InfoViewController.xib; sourceTree = "<group>"; };
		A799C49A173EE5190096164B /* ArtistiViewController.h */ = {isa = PBXFileReference; fileEncoding = 4; lastKnownFileType = sourcecode.c.h; path = ArtistiViewController.h; sourceTree = "<group>"; };
		A799C49B173EE5190096164B /* ArtistiViewController.m */ = {isa = PBXFileReference; fileEncoding = 4; lastKnownFileType = sourcecode.c.objc; path = ArtistiViewController.m; sourceTree = "<group>"; };
		A799C49C173EE5190096164B /* ArtistiViewController.xib */ = {isa = PBXFileReference; fileEncoding = 4; lastKnownFileType = file.xib; path = ArtistiViewController.xib; sourceTree = "<group>"; };
		A799C4A0173EE7700096164B /* galleriahome.jpg */ = {isa = PBXFileReference; lastKnownFileType = image.jpeg; path = galleriahome.jpg; sourceTree = "<group>"; };
		A799C4A2173EEF660096164B /* OpereViewController.h */ = {isa = PBXFileReference; fileEncoding = 4; lastKnownFileType = sourcecode.c.h; path = OpereViewController.h; sourceTree = "<group>"; };
		A799C4A3173EEF660096164B /* OpereViewController.m */ = {isa = PBXFileReference; fileEncoding = 4; lastKnownFileType = sourcecode.c.objc; path = OpereViewController.m; sourceTree = "<group>"; };
		A799C4A4173EEF670096164B /* OpereViewController.xib */ = {isa = PBXFileReference; fileEncoding = 4; lastKnownFileType = file.xib; path = OpereViewController.xib; sourceTree = "<group>"; };
		A799C4A7173EF6560096164B /* MapKit.framework */ = {isa = PBXFileReference; lastKnownFileType = wrapper.framework; name = MapKit.framework; path = System/Library/Frameworks/MapKit.framework; sourceTree = SDKROOT; };
		A799C4A9173EF6680096164B /* CoreLocation.framework */ = {isa = PBXFileReference; lastKnownFileType = wrapper.framework; name = CoreLocation.framework; path = System/Library/Frameworks/CoreLocation.framework; sourceTree = SDKROOT; };
		A799C4AB173EFA610096164B /* DettaglioArtistaViewController.h */ = {isa = PBXFileReference; fileEncoding = 4; lastKnownFileType = sourcecode.c.h; path = DettaglioArtistaViewController.h; sourceTree = "<group>"; };
		A799C4AC173EFA620096164B /* DettaglioArtistaViewController.m */ = {isa = PBXFileReference; fileEncoding = 4; lastKnownFileType = sourcecode.c.objc; path = DettaglioArtistaViewController.m; sourceTree = "<group>"; };
		A799C4AD173EFA620096164B /* DettaglioArtistaViewController.xib */ = {isa = PBXFileReference; fileEncoding = 4; lastKnownFileType = file.xib; path = DettaglioArtistaViewController.xib; sourceTree = "<group>"; };
		A799C4B0173F01520096164B /* DettaglioOperaViewController.h */ = {isa = PBXFileReference; fileEncoding = 4; lastKnownFileType = sourcecode.c.h; path = DettaglioOperaViewController.h; sourceTree = "<group>"; };
		A799C4B1173F01520096164B /* DettaglioOperaViewController.m */ = {isa = PBXFileReference; fileEncoding = 4; lastKnownFileType = sourcecode.c.objc; path = DettaglioOperaViewController.m; sourceTree = "<group>"; };
		A799C4B2173F01520096164B /* DettaglioOperaViewController.xib */ = {isa = PBXFileReference; fileEncoding = 4; lastKnownFileType = file.xib; path = DettaglioOperaViewController.xib; sourceTree = "<group>"; };
		A799C4B5173F03B40096164B /* download.jpeg */ = {isa = PBXFileReference; lastKnownFileType = image.jpeg; path = download.jpeg; sourceTree = "<group>"; };
		A7A5208717481B4D007A4015 /* HomeViewController.h */ = {isa = PBXFileReference; fileEncoding = 4; lastKnownFileType = sourcecode.c.h; path = HomeViewController.h; sourceTree = "<group>"; };
		A7A5208817481B4D007A4015 /* HomeViewController.m */ = {isa = PBXFileReference; fileEncoding = 4; lastKnownFileType = sourcecode.c.objc; path = HomeViewController.m; sourceTree = "<group>"; };
		A7A5208A17481C6B007A4015 /* HomeViewController.xib */ = {isa = PBXFileReference; fileEncoding = 4; lastKnownFileType = file.xib; path = HomeViewController.xib; sourceTree = "<group>"; };
		A7A5208C17481E37007A4015 /* album30seconds.jpg */ = {isa = PBXFileReference; lastKnownFileType = image.jpeg; path = album30seconds.jpg; sourceTree = "<group>"; };
/* End PBXFileReference section */

/* Begin PBXFrameworksBuildPhase section */
		A799C469173EDF390096164B /* Frameworks */ = {
			isa = PBXFrameworksBuildPhase;
			buildActionMask = 2147483647;
			files = (
				A799C4AA173EF6680096164B /* CoreLocation.framework in Frameworks */,
				A799C4A8173EF6560096164B /* MapKit.framework in Frameworks */,
				A799C470173EDF390096164B /* UIKit.framework in Frameworks */,
				A799C472173EDF390096164B /* Foundation.framework in Frameworks */,
				A799C474173EDF390096164B /* CoreGraphics.framework in Frameworks */,
			);
			runOnlyForDeploymentPostprocessing = 0;
		};
/* End PBXFrameworksBuildPhase section */

/* Begin PBXGroup section */
		A799C463173EDF390096164B = {
			isa = PBXGroup;
			children = (
				A799C475173EDF390096164B /* Versione1.0.0 */,
				A799C46E173EDF390096164B /* Frameworks */,
				A799C46D173EDF390096164B /* Products */,
			);
			sourceTree = "<group>";
		};
		A799C46D173EDF390096164B /* Products */ = {
			isa = PBXGroup;
			children = (
				A799C46C173EDF390096164B /* PrototipoClassico.app */,
			);
			name = Products;
			sourceTree = "<group>";
		};
		A799C46E173EDF390096164B /* Frameworks */ = {
			isa = PBXGroup;
			children = (
				A799C4A7173EF6560096164B /* MapKit.framework */,
				A799C4A9173EF6680096164B /* CoreLocation.framework */,
				A799C46F173EDF390096164B /* UIKit.framework */,
				A799C471173EDF390096164B /* Foundation.framework */,
				A799C473173EDF390096164B /* CoreGraphics.framework */,
			);
			name = Frameworks;
			sourceTree = "<group>";
		};
		A799C475173EDF390096164B /* Versione1.0.0 */ = {
			isa = PBXGroup;
			children = (
				A799C49F173EE6FF0096164B /* img */,
				A799C494173EE4A00096164B /* xib */,
				A799C493173EE4860096164B /* view */,
				A799C47E173EDF390096164B /* AppDelegate.h */,
				A799C47F173EDF390096164B /* AppDelegate.m */,
				A799C476173EDF390096164B /* Supporting Files */,
			);
			name = Versione1.0.0;
			path = PrototipoClassico;
			sourceTree = "<group>";
		};
		A799C476173EDF390096164B /* Supporting Files */ = {
			isa = PBXGroup;
			children = (
				A799C477173EDF390096164B /* PrototipoClassico-Info.plist */,
				A799C478173EDF390096164B /* InfoPlist.strings */,
				A799C47B173EDF390096164B /* main.m */,
				A799C47D173EDF390096164B /* PrototipoClassico-Prefix.pch */,
				A799C481173EDF390096164B /* Default.png */,
				A799C483173EDF390096164B /* Default@2x.png */,
				A799C485173EDF390096164B /* Default-568h@2x.png */,
			);
			name = "Supporting Files";
			sourceTree = "<group>";
		};
		A799C493173EE4860096164B /* view */ = {
			isa = PBXGroup;
			children = (
				A7A5208717481B4D007A4015 /* HomeViewController.h */,
				A7A5208817481B4D007A4015 /* HomeViewController.m */,
				A799C4A2173EEF660096164B /* OpereViewController.h */,
				A799C4AB173EFA610096164B /* DettaglioArtistaViewController.h */,
				A799C4AC173EFA620096164B /* DettaglioArtistaViewController.m */,
				A799C4B0173F01520096164B /* DettaglioOperaViewController.h */,
				A799C4B1173F01520096164B /* DettaglioOperaViewController.m */,
				A799C4A3173EEF660096164B /* OpereViewController.m */,
				A799C495173EE4F50096164B /* InfoViewController.h */,
				A799C496173EE4F50096164B /* InfoViewController.m */,
				A799C49A173EE5190096164B /* ArtistiViewController.h */,
				A799C49B173EE5190096164B /* ArtistiViewController.m */,
			);
			name = view;
			sourceTree = "<group>";
		};
		A799C494173EE4A00096164B /* xib */ = {
			isa = PBXGroup;
			children = (
				A7A5208A17481C6B007A4015 /* HomeViewController.xib */,
				A799C4B2173F01520096164B /* DettaglioOperaViewController.xib */,
				A799C4AD173EFA620096164B /* DettaglioArtistaViewController.xib */,
				A799C49C173EE5190096164B /* ArtistiViewController.xib */,
				A799C4A4173EEF670096164B /* OpereViewController.xib */,
				A799C497173EE4F50096164B /* InfoViewController.xib */,
				A799C48C173EE1F80096164B /* Application.xib */,
			);
			name = xib;
			sourceTree = "<group>";
		};
		A799C49F173EE6FF0096164B /* img */ = {
			isa = PBXGroup;
			children = (
				A7A5208C17481E37007A4015 /* album30seconds.jpg */,
				A799C4B5173F03B40096164B /* download.jpeg */,
				A799C4A0173EE7700096164B /* galleriahome.jpg */,
			);
			name = img;
			sourceTree = "<group>";
		};
/* End PBXGroup section */

/* Begin PBXNativeTarget section */
		A799C46B173EDF390096164B /* PrototipoClassico */ = {
			isa = PBXNativeTarget;
			buildConfigurationList = A799C489173EDF390096164B /* Build configuration list for PBXNativeTarget "PrototipoClassico" */;
			buildPhases = (
				A799C468173EDF390096164B /* Sources */,
				A799C469173EDF390096164B /* Frameworks */,
				A799C46A173EDF390096164B /* Resources */,
			);
			buildRules = (
			);
			dependencies = (
			);
			name = PrototipoClassico;
			productName = PrototipoClassico;
			productReference = A799C46C173EDF390096164B /* PrototipoClassico.app */;
			productType = "com.apple.product-type.application";
		};
/* End PBXNativeTarget section */

/* Begin PBXProject section */
		A799C464173EDF390096164B /* Project object */ = {
			isa = PBXProject;
			attributes = {
				LastUpgradeCheck = 0460;
				ORGANIZATIONNAME = Valentina;
			};
			buildConfigurationList = A799C467173EDF390096164B /* Build configuration list for PBXProject "GalleryProject" */;
			compatibilityVersion = "Xcode 3.2";
			developmentRegion = English;
			hasScannedForEncodings = 0;
			knownRegions = (
				en,
			);
			mainGroup = A799C463173EDF390096164B;
			productRefGroup = A799C46D173EDF390096164B /* Products */;
			projectDirPath = "";
			projectRoot = "";
			targets = (
				A799C46B173EDF390096164B /* PrototipoClassico */,
			);
		};
/* End PBXProject section */

/* Begin PBXResourcesBuildPhase section */
		A799C46A173EDF390096164B /* Resources */ = {
			isa = PBXResourcesBuildPhase;
			buildActionMask = 2147483647;
			files = (
				A799C47A173EDF390096164B /* InfoPlist.strings in Resources */,
				A799C482173EDF390096164B /* Default.png in Resources */,
				A799C484173EDF390096164B /* Default@2x.png in Resources */,
				A799C486173EDF390096164B /* Default-568h@2x.png in Resources */,
				A799C48D173EE1F80096164B /* Application.xib in Resources */,
				A799C499173EE4F50096164B /* InfoViewController.xib in Resources */,
				A799C49E173EE5190096164B /* ArtistiViewController.xib in Resources */,
				A799C4A1173EE7700096164B /* galleriahome.jpg in Resources */,
				A799C4A6173EEF670096164B /* OpereViewController.xib in Resources */,
				A799C4AF173EFA620096164B /* DettaglioArtistaViewController.xib in Resources */,
				A799C4B4173F01530096164B /* DettaglioOperaViewController.xib in Resources */,
				A799C4B6173F03B50096164B /* download.jpeg in Resources */,
				A7A5208B17481C6B007A4015 /* HomeViewController.xib in Resources */,
				A7A5208D17481E37007A4015 /* album30seconds.jpg in Resources */,
			);
			runOnlyForDeploymentPostprocessing = 0;
		};
/* End PBXResourcesBuildPhase section */

/* Begin PBXSourcesBuildPhase section */
		A799C468173EDF390096164B /* Sources */ = {
			isa = PBXSourcesBuildPhase;
			buildActionMask = 2147483647;
			files = (
				A799C47C173EDF390096164B /* main.m in Sources */,
				A799C480173EDF390096164B /* AppDelegate.m in Sources */,
				A799C498173EE4F50096164B /* InfoViewController.m in Sources */,
				A799C49D173EE5190096164B /* ArtistiViewController.m in Sources */,
				A799C4A5173EEF670096164B /* OpereViewController.m in Sources */,
				A799C4AE173EFA620096164B /* DettaglioArtistaViewController.m in Sources */,
				A799C4B3173F01530096164B /* DettaglioOperaViewController.m in Sources */,
				A7A5208917481B4D007A4015 /* HomeViewController.m in Sources */,
			);
			runOnlyForDeploymentPostprocessing = 0;
		};
/* End PBXSourcesBuildPhase section */

/* Begin PBXVariantGroup section */
		A799C478173EDF390096164B /* InfoPlist.strings */ = {
			isa = PBXVariantGroup;
			children = (
				A799C479173EDF390096164B /* en */,
			);
			name = InfoPlist.strings;
			sourceTree = "<group>";
		};
/* End PBXVariantGroup section */

/* Begin XCBuildConfiguration section */
		A799C487173EDF390096164B /* Debug */ = {
			isa = XCBuildConfiguration;
			buildSettings = {
				ALWAYS_SEARCH_USER_PATHS = NO;
				CLANG_CXX_LANGUAGE_STANDARD = "gnu++0x";
				CLANG_CXX_LIBRARY = "libc++";
				CLANG_WARN_CONSTANT_CONVERSION = YES;
				CLANG_WARN_EMPTY_BODY = YES;
				CLANG_WARN_ENUM_CONVERSION = YES;
				CLANG_WARN_INT_CONVERSION = YES;
				CLANG_WARN__DUPLICATE_METHOD_MATCH = YES;
				"CODE_SIGN_IDENTITY[sdk=iphoneos*]" = "iPhone Developer";
				COPY_PHASE_STRIP = NO;
				GCC_C_LANGUAGE_STANDARD = gnu99;
				GCC_DYNAMIC_NO_PIC = NO;
				GCC_OPTIMIZATION_LEVEL = 0;
				GCC_PREPROCESSOR_DEFINITIONS = (
					"DEBUG=1",
					"$(inherited)",
				);
				GCC_SYMBOLS_PRIVATE_EXTERN = NO;
				GCC_WARN_ABOUT_RETURN_TYPE = YES;
				GCC_WARN_UNINITIALIZED_AUTOS = YES;
				GCC_WARN_UNUSED_VARIABLE = YES;
				IPHONEOS_DEPLOYMENT_TARGET = 6.1;
				ONLY_ACTIVE_ARCH = YES;
				SDKROOT = iphoneos;
			};
			name = Debug;
		};
		A799C488173EDF390096164B /* Release */ = {
			isa = XCBuildConfiguration;
			buildSettings = {
				ALWAYS_SEARCH_USER_PATHS = NO;
				CLANG_CXX_LANGUAGE_STANDARD = "gnu++0x";
				CLANG_CXX_LIBRARY = "libc++";
				CLANG_WARN_CONSTANT_CONVERSION = YES;
				CLANG_WARN_EMPTY_BODY = YES;
				CLANG_WARN_ENUM_CONVERSION = YES;
				CLANG_WARN_INT_CONVERSION = YES;
				CLANG_WARN__DUPLICATE_METHOD_MATCH = YES;
				"CODE_SIGN_IDENTITY[sdk=iphoneos*]" = "iPhone Developer";
				COPY_PHASE_STRIP = YES;
				GCC_C_LANGUAGE_STANDARD = gnu99;
				GCC_WARN_ABOUT_RETURN_TYPE = YES;
				GCC_WARN_UNINITIALIZED_AUTOS = YES;
				GCC_WARN_UNUSED_VARIABLE = YES;
				IPHONEOS_DEPLOYMENT_TARGET = 6.1;
				OTHER_CFLAGS = "-DNS_BLOCK_ASSERTIONS=1";
				SDKROOT = iphoneos;
				VALIDATE_PRODUCT = YES;
			};
			name = Release;
		};
		A799C48A173EDF390096164B /* Debug */ = {
			isa = XCBuildConfiguration;
			buildSettings = {
				GCC_PRECOMPILE_PREFIX_HEADER = YES;
				GCC_PREFIX_HEADER = "PrototipoClassico/PrototipoClassico-Prefix.pch";
				INFOPLIST_FILE = "PrototipoClassico/PrototipoClassico-Info.plist";
				PRODUCT_NAME = "$(TARGET_NAME)";
				WRAPPER_EXTENSION = app;
			};
			name = Debug;
		};
		A799C48B173EDF390096164B /* Release */ = {
			isa = XCBuildConfiguration;
			buildSettings = {
				GCC_PRECOMPILE_PREFIX_HEADER = YES;
				GCC_PREFIX_HEADER = "PrototipoClassico/PrototipoClassico-Prefix.pch";
				INFOPLIST_FILE = "PrototipoClassico/PrototipoClassico-Info.plist";
				PRODUCT_NAME = "$(TARGET_NAME)";
				WRAPPER_EXTENSION = app;
			};
			name = Release;
		};
/* End XCBuildConfiguration section */

/* Begin XCConfigurationList section */
		A799C467173EDF390096164B /* Build configuration list for PBXProject "GalleryProject" */ = {
			isa = XCConfigurationList;
			buildConfigurations = (
				A799C487173EDF390096164B /* Debug */,
				A799C488173EDF390096164B /* Release */,
			);
			defaultConfigurationIsVisible = 0;
			defaultConfigurationName = Release;
		};
		A799C489173EDF390096164B /* Build configuration list for PBXNativeTarget "PrototipoClassico" */ = {
			isa = XCConfigurationList;
			buildConfigurations = (
				A799C48A173EDF390096164B /* Debug */,
				A799C48B173EDF390096164B /* Release */,
			);
			defaultConfigurationIsVisible = 0;
			defaultConfigurationName = Release;
		};
/* End XCConfigurationList section */
	};
	rootObject = A799C464173EDF390096164B /* Project object */;
}
